<?xml version="1.0" encoding="utf-8"?>
<Project ToolsVersion="4.0" xmlns="http://schemas.microsoft.com/developer/msbuild/2003">
  <ItemGroup>
    <Filter Include="Archivos de origen">
      <UniqueIdentifier>{4FC737F1-C7A5-4376-A066-2A32D752A2FF}</UniqueIdentifier>
      <Extensions>cpp;c;cc;cxx;c++;cppm;ixx;def;odl;idl;hpj;bat;asm;asmx</Extensions>
    </Filter>
    <Filter Include="Archivos de encabezado">
      <UniqueIdentifier>{93995380-89BD-4b04-88EB-625FBE52EBFB}</UniqueIdentifier>
      <Extensions>h;hh;hpp;hxx;h++;hm;inl;inc;ipp;xsd</Extensions>
    </Filter>
    <Filter Include="Archivos de recursos">
      <UniqueIdentifier>{67DA6AB6-F800-4c08-8B7A-83BB121AAD01}</UniqueIdentifier>
      <Extensions>rc;ico;cur;bmp;dlg;rc2;rct;bin;rgs;gif;jpg;jpeg;jpe;resx;tiff;tif;png;wav;mfcribbon-ms</Extensions>
    </Filter>
    <Filter Include="Archivos de origen\Enemigos">
      <UniqueIdentifier>{ed160e13-231e-45fb-966f-40e6ff3d8a9a}</UniqueIdentifier>
    </Filter>
    <Filter Include="Archivos de origen\Niveles">
      <UniqueIdentifier>{e0e3e46f-44f4-4d8b-84de-e97cca9d9d5d}</UniqueIdentifier>
    </Filter>
    <Filter Include="Archivos de encabezado\Enemigos">
      <UniqueIdentifier>{35731824-7c29-4965-9445-092331cd0887}</UniqueIdentifier>
    </Filter>
    <Filter Include="Archivos de encabezado\Niveles">
      <UniqueIdentifier>{e9fc2856-1be8-4064-a0d5-5e114e1d8e76}</UniqueIdentifier>
    </Filter>
    <Filter Include="Archivos de encabezado\Frutas">
      <UniqueIdentifier>{db9404a8-2413-45e8-aa6b-991ee1d95a76}</UniqueIdentifier>
    </Filter>
    <Filter Include="Archivos de origen\Frutas">
      <UniqueIdentifier>{e12c1e22-d76b-4f6b-9565-b9ae268b70cf}</UniqueIdentifier>
    </Filter>
    <Filter Include="Archivos de encabezado\Animacion">
      <UniqueIdentifier>{fbce1e20-b44a-4d64-92ea-2f81d1903932}</UniqueIdentifier>
    </Filter>
    <Filter Include="Archivos de origen\Animacion">
      <UniqueIdentifier>{b3e1b85a-1a85-4b70-aec1-8f729fe657e1}</UniqueIdentifier>
    </Filter>
    <Filter Include="Archivos de encabezado\Aldeanos">
      <UniqueIdentifier>{081733b7-554c-4c25-bbf6-0d001e9953d3}</UniqueIdentifier>
    </Filter>
    <Filter Include="Archivos de origen\Aldeanos">
      <UniqueIdentifier>{97536691-a5f7-4b1e-a164-3aa9525ed5e6}</UniqueIdentifier>
    </Filter>
    <Filter Include="Archivos de encabezado\Plataformas">
      <UniqueIdentifier>{a4a89e54-6661-4f4b-b7a7-b36215e79a86}</UniqueIdentifier>
    </Filter>
    <Filter Include="Archivos de origen\Plataformas">
      <UniqueIdentifier>{4d2430d3-b25a-4347-bf26-887a2fa769ea}</UniqueIdentifier>
    </Filter>
    <Filter Include="Archivos de encabezado\Jugador">
      <UniqueIdentifier>{c2dfe47e-83bb-4449-8900-8398c2c428b5}</UniqueIdentifier>
    </Filter>
    <Filter Include="Archivos de origen\Jugador">
      <UniqueIdentifier>{4db8069a-7f41-479a-a2a7-18707ba9a06c}</UniqueIdentifier>
    </Filter>
    <Filter Include="Archivos de encabezado\Niveles\Mapa">
      <UniqueIdentifier>{6fd05f2f-6749-4d46-b0cf-78d5d6d8e7c7}</UniqueIdentifier>
    </Filter>
    <Filter Include="Archivos de origen\Niveles\Mapa">
      <UniqueIdentifier>{a43924b1-2b40-432e-b41a-625de7f9b696}</UniqueIdentifier>
    </Filter>
  </ItemGroup>
  <ItemGroup>
    <ClCompile Include="main.cpp">
      <Filter>Archivos de origen</Filter>
    </ClCompile>
    <ClCompile Include="Enemigo.cpp">
      <Filter>Archivos de origen\Enemigos</Filter>
    </ClCompile>
    <ClCompile Include="Skull.cpp">
      <Filter>Archivos de origen\Enemigos</Filter>
    </ClCompile>
    <ClCompile Include="Frutas.cpp">
      <Filter>Archivos de origen\Frutas</Filter>
    </ClCompile>
    <ClCompile Include="Animation.cpp">
      <Filter>Archivos de origen\Animacion</Filter>
    </ClCompile>
    <ClCompile Include="Collisionable.cpp">
      <Filter>Archivos de origen</Filter>
    </ClCompile>
    <ClCompile Include="Aldeano.cpp">
      <Filter>Archivos de origen\Aldeanos</Filter>
    </ClCompile>
    <ClCompile Include="Tortuga.cpp">
      <Filter>Archivos de origen\Aldeanos</Filter>
    </ClCompile>
    <ClCompile Include="Plataformas.cpp">
      <Filter>Archivos de origen\Plataformas</Filter>
    </ClCompile>
    <ClCompile Include="Jugador.cpp">
      <Filter>Archivos de origen\Jugador</Filter>
    </ClCompile>
    <ClCompile Include="Nivel.cpp">
      <Filter>Archivos de origen\Niveles</Filter>
    </ClCompile>
    <ClCompile Include="Background.cpp">
      <Filter>Archivos de origen\Niveles\Mapa</Filter>
    </ClCompile>
    <ClCompile Include="Map.cpp">
      <Filter>Archivos de origen\Niveles\Mapa</Filter>
    </ClCompile>
    <ClCompile Include="MappingLevel.cpp">
      <Filter>Archivos de origen\Niveles\Mapa</Filter>
    </ClCompile>
  </ItemGroup>
  <ItemGroup>
    <ClInclude Include="Enemigo.h">
      <Filter>Archivos de encabezado\Enemigos</Filter>
    </ClInclude>
    <ClInclude Include="Skull.h">
      <Filter>Archivos de encabezado\Enemigos</Filter>
    </ClInclude>
    <ClInclude Include="Frutas.h">
      <Filter>Archivos de encabezado\Frutas</Filter>
    </ClInclude>
    <ClInclude Include="Animation.h">
      <Filter>Archivos de encabezado\Animacion</Filter>
    </ClInclude>
    <ClInclude Include="Collisionable.h">
      <Filter>Archivos de encabezado</Filter>
    </ClInclude>
    <ClInclude Include="Aldeano.h">
      <Filter>Archivos de encabezado\Aldeanos</Filter>
    </ClInclude>
    <ClInclude Include="Tortuga.h">
      <Filter>Archivos de encabezado\Aldeanos</Filter>
    </ClInclude>
    <ClInclude Include="Plataformas.h">
      <Filter>Archivos de encabezado\Plataformas</Filter>
    </ClInclude>
    <ClInclude Include="Jugador.h">
      <Filter>Archivos de encabezado\Jugador</Filter>
    </ClInclude>
    <ClInclude Include="Nivel.h">
      <Filter>Archivos de encabezado\Niveles</Filter>
    </ClInclude>
    <ClInclude Include="MappingLevel.h">
      <Filter>Archivos de encabezado\Niveles\Mapa</Filter>
    </ClInclude>
    <ClInclude Include="Background.h">
      <Filter>Archivos de encabezado\Niveles\Mapa</Filter>
    </ClInclude>
    <ClInclude Include="Map.h">
      <Filter>Archivos de encabezado\Niveles\Mapa</Filter>
    </ClInclude>
  </ItemGroup>
  <ItemGroup>
    <Image Include="Fall_(32x32).png">
      <Filter>Archivos de recursos</Filter>
    </Image>
    <Image Include="assets\enemigos\Skull\Hit_Wall_2_(52x54).png">
      <Filter>Archivos de recursos</Filter>
    </Image>
  </ItemGroup>
  <ItemGroup>
    <None Include="ClassDiagram.cd" />
    <None Include="packages.config" />
  </ItemGroup>
</Project>