<?xml version="1.0" encoding="utf-8"?>
<Project ToolsVersion="4.0" xmlns="http://schemas.microsoft.com/developer/msbuild/2003">
  <ItemGroup>
    <Filter Include="Archivos de origen">
      <UniqueIdentifier>{4FC737F1-C7A5-4376-A066-2A32D752A2FF}</UniqueIdentifier>
      <Extensions>cpp;c;cc;cxx;c++;cppm;ixx;def;odl;idl;hpj;bat;asm;asmx</Extensions>
    </Filter>
    <Filter Include="Archivos de encabezado">
      <UniqueIdentifier>{93995380-89BD-4b04-88EB-625FBE52EBFB}</UniqueIdentifier>
      <Extensions>h;hh;hpp;hxx;h++;hm;inl;inc;ipp;xsd</Extensions>
    </Filter>
    <Filter Include="Archivos de recursos">
      <UniqueIdentifier>{67DA6AB6-F800-4c08-8B7A-83BB121AAD01}</UniqueIdentifier>
      <Extensions>rc;ico;cur;bmp;dlg;rc2;rct;bin;rgs;gif;jpg;jpeg;jpe;resx;tiff;tif;png;wav;mfcribbon-ms</Extensions>
    </Filter>
    <Filter Include="Archivos de origen\Enemigos">
      <UniqueIdentifier>{ed160e13-231e-45fb-966f-40e6ff3d8a9a}</UniqueIdentifier>
    </Filter>
    <Filter Include="Archivos de origen\Personaje">
      <UniqueIdentifier>{4db8069a-7f41-479a-a2a7-18707ba9a06c}</UniqueIdentifier>
    </Filter>
    <Filter Include="Archivos de origen\Niveles">
      <UniqueIdentifier>{e0e3e46f-44f4-4d8b-84de-e97cca9d9d5d}</UniqueIdentifier>
    </Filter>
    <Filter Include="Archivos de encabezado\Enemigos">
      <UniqueIdentifier>{35731824-7c29-4965-9445-092331cd0887}</UniqueIdentifier>
    </Filter>
    <Filter Include="Archivos de encabezado\Niveles">
      <UniqueIdentifier>{e9fc2856-1be8-4064-a0d5-5e114e1d8e76}</UniqueIdentifier>
    </Filter>
  </ItemGroup>
  <ItemGroup>
    <ClCompile Include="main.cpp">
      <Filter>Archivos de origen</Filter>
    </ClCompile>
    <ClCompile Include="Enemigo.cpp">
      <Filter>Archivos de origen\Enemigos</Filter>
    </ClCompile>
    <ClCompile Include="Background.cpp">
      <Filter>Archivos de origen\Niveles</Filter>
    </ClCompile>
    <ClCompile Include="Map.cpp">
      <Filter>Archivos de origen\Niveles</Filter>
    </ClCompile>
    <ClCompile Include="MappingLevel.cpp">
      <Filter>Archivos de origen\Niveles</Filter>
    </ClCompile>
    <ClCompile Include="Skull.cpp">
      <Filter>Archivos de origen\Enemigos</Filter>
    </ClCompile>
    <ClCompile Include="Animation.cpp">
      <Filter>Archivos de origen</Filter>
    </ClCompile>
  </ItemGroup>
  <ItemGroup>
    <ClInclude Include="Background.h">
      <Filter>Archivos de encabezado\Niveles</Filter>
    </ClInclude>
    <ClInclude Include="Enemigo.h">
      <Filter>Archivos de encabezado\Enemigos</Filter>
    </ClInclude>
    <ClInclude Include="Map.h">
      <Filter>Archivos de encabezado\Niveles</Filter>
    </ClInclude>
    <ClInclude Include="MappingLevel.h">
      <Filter>Archivos de encabezado\Niveles</Filter>
    </ClInclude>
    <ClInclude Include="Skull.h">
      <Filter>Archivos de encabezado\Enemigos</Filter>
    </ClInclude>
    <ClInclude Include="Animation.h">
      <Filter>Archivos de encabezado</Filter>
    </ClInclude>
  </ItemGroup>
  <ItemGroup>
    <Image Include="Fall_(32x32).png">
      <Filter>Archivos de recursos</Filter>
    </Image>
    <Image Include="assets\enemigos\Skull\Idle_2_(52x54).png">
      <Filter>Archivos de recursos</Filter>
    </Image>
    <Image Include="assets\enemigos\Skull\Hit_Wall_2_(52x54).png">
      <Filter>Archivos de recursos</Filter>
    </Image>
  </ItemGroup>
</Project>